
Microsoft Visual Studio Solution File, Format Version 11.00
# Visual Studio 2010
Project("{FAE04EC0-301F-11D3-BF4B-00C04F79EFBC}") = "ImageViewer", "ImageViewer.csproj", "{F624E55A-8AFA-48CD-81D8-4BE770A98C34}"
EndProject
Global
	GlobalSection(SolutionConfigurationPlatforms) = preSolution
		Debug|iPhoneSimulator = Debug|iPhoneSimulator
		Release|iPhoneSimulator = Release|iPhoneSimulator
		Debug|iPhone = Debug|iPhone
		Release|iPhone = Release|iPhone
		Ad-Hoc|iPhone = Ad-Hoc|iPhone
		AppStore|iPhone = AppStore|iPhone
	EndGlobalSection
	GlobalSection(ProjectConfigurationPlatforms) = postSolution
		{F624E55A-8AFA-48CD-81D8-4BE770A98C34}.Ad-Hoc|iPhone.ActiveCfg = Ad-Hoc|iPhone
		{F624E55A-8AFA-48CD-81D8-4BE770A98C34}.Ad-Hoc|iPhone.Build.0 = Ad-Hoc|iPhone
		{F624E55A-8AFA-48CD-81D8-4BE770A98C34}.AppStore|iPhone.ActiveCfg = AppStore|iPhone
		{F624E55A-8AFA-48CD-81D8-4BE770A98C34}.AppStore|iPhone.Build.0 = AppStore|iPhone
		{F624E55A-8AFA-48CD-81D8-4BE770A98C34}.Debug|iPhone.ActiveCfg = Debug|iPhone
		{F624E55A-8AFA-48CD-81D8-4BE770A98C34}.Debug|iPhone.Build.0 = Debug|iPhone
		{F624E55A-8AFA-48CD-81D8-4BE770A98C34}.Debug|iPhoneSimulator.ActiveCfg = Debug|iPhoneSimulator
		{F624E55A-8AFA-48CD-81D8-4BE770A98C34}.Debug|iPhoneSimulator.Build.0 = Debug|iPhoneSimulator
		{F624E55A-8AFA-48CD-81D8-4BE770A98C34}.Release|iPhone.ActiveCfg = Release|iPhone
		{F624E55A-8AFA-48CD-81D8-4BE770A98C34}.Release|iPhone.Build.0 = Release|iPhone
		{F624E55A-8AFA-48CD-81D8-4BE770A98C34}.Release|iPhoneSimulator.ActiveCfg = Release|iPhoneSimulator
		{F624E55A-8AFA-48CD-81D8-4BE770A98C34}.Release|iPhoneSimulator.Build.0 = Release|iPhoneSimulator
	EndGlobalSection
	GlobalSection(MonoDevelopProperties) = preSolution
		StartupItem = ImageViewer.csproj
	EndGlobalSection
EndGlobal
